
Microsoft Visual Studio Solution File, Format Version 12.00
# Visual Studio Version 18
VisualStudioVersion = 18.1.11312.151 d18.0
MinimumVisualStudioVersion = 10.0.40219.1
Project("{FAE04EC0-301F-11D3-BF4B-00C04F79EFBC}") = "Carsharing", "Carsharing\Carsharing.csproj", "{A67039DB-C4DD-4140-9ABA-B03C5CFCE6D5}"
EndProject
Project("{FAE04EC0-301F-11D3-BF4B-00C04F79EFBC}") = "Carsharing.Core", "Carsharing.Core\Carsharing.Core.csproj", "{D39A3B1A-284A-48F2-8BE6-27164B354CB2}"
EndProject
Project("{FAE04EC0-301F-11D3-BF4B-00C04F79EFBC}") = "Carsharing.DataAccess", "Carsharing.DataAccess\Carsharing.DataAccess.csproj", "{06799092-3B5A-4FA0-8A1F-B7B48A7E6C41}"
EndProject
Project("{FAE04EC0-301F-11D3-BF4B-00C04F79EFBC}") = "Carsharing.Application1", "Carsharing.Application\Carsharing.Application.csproj", "{EBD6782C-34F8-401B-B0F3-49F8CD0CB249}"
EndProject
Project("{E53339B2-1760-4266-BCC7-CA923CBCF16C}") = "docker-compose", "docker-compose.dcproj", "{81DDED9D-158B-E303-5F62-77A2896D2A5A}"
EndProject
Global
	GlobalSection(SolutionConfigurationPlatforms) = preSolution
		Debug|Any CPU = Debug|Any CPU
		Release|Any CPU = Release|Any CPU
	EndGlobalSection
	GlobalSection(ProjectConfigurationPlatforms) = postSolution
		{A67039DB-C4DD-4140-9ABA-B03C5CFCE6D5}.Debug|Any CPU.ActiveCfg = Debug|Any CPU
		{A67039DB-C4DD-4140-9ABA-B03C5CFCE6D5}.Debug|Any CPU.Build.0 = Debug|Any CPU
		{A67039DB-C4DD-4140-9ABA-B03C5CFCE6D5}.Release|Any CPU.ActiveCfg = Release|Any CPU
		{A67039DB-C4DD-4140-9ABA-B03C5CFCE6D5}.Release|Any CPU.Build.0 = Release|Any CPU
		{D39A3B1A-284A-48F2-8BE6-27164B354CB2}.Debug|Any CPU.ActiveCfg = Debug|Any CPU
		{D39A3B1A-284A-48F2-8BE6-27164B354CB2}.Debug|Any CPU.Build.0 = Debug|Any CPU
		{D39A3B1A-284A-48F2-8BE6-27164B354CB2}.Release|Any CPU.ActiveCfg = Release|Any CPU
		{D39A3B1A-284A-48F2-8BE6-27164B354CB2}.Release|Any CPU.Build.0 = Release|Any CPU
		{06799092-3B5A-4FA0-8A1F-B7B48A7E6C41}.Debug|Any CPU.ActiveCfg = Debug|Any CPU
		{06799092-3B5A-4FA0-8A1F-B7B48A7E6C41}.Debug|Any CPU.Build.0 = Debug|Any CPU
		{06799092-3B5A-4FA0-8A1F-B7B48A7E6C41}.Release|Any CPU.ActiveCfg = Release|Any CPU
		{06799092-3B5A-4FA0-8A1F-B7B48A7E6C41}.Release|Any CPU.Build.0 = Release|Any CPU
		{EBD6782C-34F8-401B-B0F3-49F8CD0CB249}.Debug|Any CPU.ActiveCfg = Debug|Any CPU
		{EBD6782C-34F8-401B-B0F3-49F8CD0CB249}.Debug|Any CPU.Build.0 = Debug|Any CPU
		{EBD6782C-34F8-401B-B0F3-49F8CD0CB249}.Release|Any CPU.ActiveCfg = Release|Any CPU
		{EBD6782C-34F8-401B-B0F3-49F8CD0CB249}.Release|Any CPU.Build.0 = Release|Any CPU
		{81DDED9D-158B-E303-5F62-77A2896D2A5A}.Debug|Any CPU.ActiveCfg = Debug|Any CPU
		{81DDED9D-158B-E303-5F62-77A2896D2A5A}.Debug|Any CPU.Build.0 = Debug|Any CPU
		{81DDED9D-158B-E303-5F62-77A2896D2A5A}.Release|Any CPU.ActiveCfg = Release|Any CPU
		{81DDED9D-158B-E303-5F62-77A2896D2A5A}.Release|Any CPU.Build.0 = Release|Any CPU
	EndGlobalSection
	GlobalSection(SolutionProperties) = preSolution
		HideSolutionNode = FALSE
	EndGlobalSection
	GlobalSection(ExtensibilityGlobals) = postSolution
		SolutionGuid = {74DCBDF2-6F4E-48B8-AD25-168746C17FB3}
	EndGlobalSection
EndGlobal
