
Microsoft Visual Studio Solution File, Format Version 12.00
# Visual Studio Version 17
VisualStudioVersion = 17.14.36623.8
MinimumVisualStudioVersion = 10.0.40219.1
Project("{FAE04EC0-301F-11D3-BF4B-00C04F79EFBC}") = "Carsharing", "Carsharing\Carsharing.csproj", "{A67039DB-C4DD-4140-9ABA-B03C5CFCE6D5}"
EndProject
Project("{FAE04EC0-301F-11D3-BF4B-00C04F79EFBC}") = "Carsharing.Core", "Carsharing.Core\Carsharing.Core.csproj", "{D39A3B1A-284A-48F2-8BE6-27164B354CB2}"
EndProject
Project("{FAE04EC0-301F-11D3-BF4B-00C04F79EFBC}") = "Carsharing.DataAccess", "Carsharing.DataAccess\Carsharing.DataAccess.csproj", "{06799092-3B5A-4FA0-8A1F-B7B48A7E6C41}"
EndProject
Global
	GlobalSection(SolutionConfigurationPlatforms) = preSolution
		Debug|Any CPU = Debug|Any CPU
		Release|Any CPU = Release|Any CPU
	EndGlobalSection
	GlobalSection(ProjectConfigurationPlatforms) = postSolution
		{A67039DB-C4DD-4140-9ABA-B03C5CFCE6D5}.Debug|Any CPU.ActiveCfg = Debug|Any CPU
		{A67039DB-C4DD-4140-9ABA-B03C5CFCE6D5}.Debug|Any CPU.Build.0 = Debug|Any CPU
		{A67039DB-C4DD-4140-9ABA-B03C5CFCE6D5}.Release|Any CPU.ActiveCfg = Release|Any CPU
		{A67039DB-C4DD-4140-9ABA-B03C5CFCE6D5}.Release|Any CPU.Build.0 = Release|Any CPU
		{D39A3B1A-284A-48F2-8BE6-27164B354CB2}.Debug|Any CPU.ActiveCfg = Debug|Any CPU
		{D39A3B1A-284A-48F2-8BE6-27164B354CB2}.Debug|Any CPU.Build.0 = Debug|Any CPU
		{D39A3B1A-284A-48F2-8BE6-27164B354CB2}.Release|Any CPU.ActiveCfg = Release|Any CPU
		{D39A3B1A-284A-48F2-8BE6-27164B354CB2}.Release|Any CPU.Build.0 = Release|Any CPU
		{06799092-3B5A-4FA0-8A1F-B7B48A7E6C41}.Debug|Any CPU.ActiveCfg = Debug|Any CPU
		{06799092-3B5A-4FA0-8A1F-B7B48A7E6C41}.Debug|Any CPU.Build.0 = Debug|Any CPU
		{06799092-3B5A-4FA0-8A1F-B7B48A7E6C41}.Release|Any CPU.ActiveCfg = Release|Any CPU
		{06799092-3B5A-4FA0-8A1F-B7B48A7E6C41}.Release|Any CPU.Build.0 = Release|Any CPU
	EndGlobalSection
	GlobalSection(SolutionProperties) = preSolution
		HideSolutionNode = FALSE
	EndGlobalSection
	GlobalSection(ExtensibilityGlobals) = postSolution
		SolutionGuid = {74DCBDF2-6F4E-48B8-AD25-168746C17FB3}
	EndGlobalSection
EndGlobal
